
Microsoft Visual Studio Solution File, Format Version 12.00
Project("{FAE04EC0-301F-11D3-BF4B-00C04F79EFBC}") = "Gonzo3d", "Gonzo3d\Gonzo3d.csproj", "{231E2B19-EDD2-4BCE-849B-8665011C603D}"
EndProject
Global
	GlobalSection(SolutionConfigurationPlatforms) = preSolution
		Debug|Any CPU = Debug|Any CPU
		Release|Any CPU = Release|Any CPU
	EndGlobalSection
	GlobalSection(ProjectConfigurationPlatforms) = postSolution
		{231E2B19-EDD2-4BCE-849B-8665011C603D}.Debug|Any CPU.ActiveCfg = Debug|Any CPU
		{231E2B19-EDD2-4BCE-849B-8665011C603D}.Debug|Any CPU.Build.0 = Debug|Any CPU
		{231E2B19-EDD2-4BCE-849B-8665011C603D}.Release|Any CPU.ActiveCfg = Release|Any CPU
		{231E2B19-EDD2-4BCE-849B-8665011C603D}.Release|Any CPU.Build.0 = Release|Any CPU
	EndGlobalSection
EndGlobal
